
Microsoft Visual Studio Solution File, Format Version 12.00
# Visual Studio Version 17
VisualStudioVersion = 17.5.33424.131
MinimumVisualStudioVersion = 10.0.40219.1
Project("{9A19103F-16F7-4668-BE54-9A1E7A4F7556}") = "Domain", "LibrarySystem\Domain.csproj", "{4B9E5F69-F4C7-4EC5-9F7F-2526E844B6FB}"
EndProject
Project("{9A19103F-16F7-4668-BE54-9A1E7A4F7556}") = "Application", "Application\Application.csproj", "{75DDB3E4-BE6F-4D31-A254-5ECA949F8C26}"
EndProject
Project("{9A19103F-16F7-4668-BE54-9A1E7A4F7556}") = "UI", "UI\UI.csproj", "{90581CF7-7E56-4985-A0F4-5C30098D49D4}"
EndProject
Project("{9A19103F-16F7-4668-BE54-9A1E7A4F7556}") = "Persistence", "Persistence\Persistence.csproj", "{2BC6B2A1-9AD9-460B-A515-95CE240EBB65}"
EndProject
Project("{9A19103F-16F7-4668-BE54-9A1E7A4F7556}") = "Infrastructure", "Infrastructure\Infrastructure.csproj", "{D04C05D8-DD3E-4F58-A1B6-2F00D5B92F0F}"
EndProject
Project("{FAE04EC0-301F-11D3-BF4B-00C04F79EFBC}") = "Front", "Front\Front.csproj", "{EDAFF5CD-70A9-4908-B234-9C0A0100CF19}"
EndProject
Global
	GlobalSection(SolutionConfigurationPlatforms) = preSolution
		Debug|Any CPU = Debug|Any CPU
		Release|Any CPU = Release|Any CPU
	EndGlobalSection
	GlobalSection(ProjectConfigurationPlatforms) = postSolution
		{4B9E5F69-F4C7-4EC5-9F7F-2526E844B6FB}.Debug|Any CPU.ActiveCfg = Debug|Any CPU
		{4B9E5F69-F4C7-4EC5-9F7F-2526E844B6FB}.Debug|Any CPU.Build.0 = Debug|Any CPU
		{4B9E5F69-F4C7-4EC5-9F7F-2526E844B6FB}.Release|Any CPU.ActiveCfg = Release|Any CPU
		{4B9E5F69-F4C7-4EC5-9F7F-2526E844B6FB}.Release|Any CPU.Build.0 = Release|Any CPU
		{75DDB3E4-BE6F-4D31-A254-5ECA949F8C26}.Debug|Any CPU.ActiveCfg = Debug|Any CPU
		{75DDB3E4-BE6F-4D31-A254-5ECA949F8C26}.Debug|Any CPU.Build.0 = Debug|Any CPU
		{75DDB3E4-BE6F-4D31-A254-5ECA949F8C26}.Release|Any CPU.ActiveCfg = Release|Any CPU
		{75DDB3E4-BE6F-4D31-A254-5ECA949F8C26}.Release|Any CPU.Build.0 = Release|Any CPU
		{90581CF7-7E56-4985-A0F4-5C30098D49D4}.Debug|Any CPU.ActiveCfg = Debug|Any CPU
		{90581CF7-7E56-4985-A0F4-5C30098D49D4}.Debug|Any CPU.Build.0 = Debug|Any CPU
		{90581CF7-7E56-4985-A0F4-5C30098D49D4}.Release|Any CPU.ActiveCfg = Release|Any CPU
		{90581CF7-7E56-4985-A0F4-5C30098D49D4}.Release|Any CPU.Build.0 = Release|Any CPU
		{2BC6B2A1-9AD9-460B-A515-95CE240EBB65}.Debug|Any CPU.ActiveCfg = Debug|Any CPU
		{2BC6B2A1-9AD9-460B-A515-95CE240EBB65}.Debug|Any CPU.Build.0 = Debug|Any CPU
		{2BC6B2A1-9AD9-460B-A515-95CE240EBB65}.Release|Any CPU.ActiveCfg = Release|Any CPU
		{2BC6B2A1-9AD9-460B-A515-95CE240EBB65}.Release|Any CPU.Build.0 = Release|Any CPU
		{D04C05D8-DD3E-4F58-A1B6-2F00D5B92F0F}.Debug|Any CPU.ActiveCfg = Debug|Any CPU
		{D04C05D8-DD3E-4F58-A1B6-2F00D5B92F0F}.Debug|Any CPU.Build.0 = Debug|Any CPU
		{D04C05D8-DD3E-4F58-A1B6-2F00D5B92F0F}.Release|Any CPU.ActiveCfg = Release|Any CPU
		{D04C05D8-DD3E-4F58-A1B6-2F00D5B92F0F}.Release|Any CPU.Build.0 = Release|Any CPU
		{EDAFF5CD-70A9-4908-B234-9C0A0100CF19}.Debug|Any CPU.ActiveCfg = Debug|Any CPU
		{EDAFF5CD-70A9-4908-B234-9C0A0100CF19}.Debug|Any CPU.Build.0 = Debug|Any CPU
		{EDAFF5CD-70A9-4908-B234-9C0A0100CF19}.Release|Any CPU.ActiveCfg = Release|Any CPU
		{EDAFF5CD-70A9-4908-B234-9C0A0100CF19}.Release|Any CPU.Build.0 = Release|Any CPU
	EndGlobalSection
	GlobalSection(SolutionProperties) = preSolution
		HideSolutionNode = FALSE
	EndGlobalSection
	GlobalSection(ExtensibilityGlobals) = postSolution
		SolutionGuid = {7C53CFCE-4918-4586-9A0A-DD4444352B0E}
	EndGlobalSection
EndGlobal
